# @generated by Move, please check-in and do not edit manually.

[move]
version = 3
manifest_digest = "88043DCD130EA6323C728E1393645134179289D9290385D0F967D13146FAAC94"
deps_digest = "F8BBB0CCB2491CA29A3DF03D6F92277A4F3574266507ACD77214D37ECA3F3082"
dependencies = [
  { id = "Sui", name = "Sui" },
]

[[move.package]]
id = "MoveStdlib"
source = { git = "https://github.com/MystenLabs/sui.git", rev = "devnet", subdir = "crates/sui-framework/packages/move-stdlib" }

[[move.package]]
id = "Sui"
source = { git = "https://github.com/MystenLabs/sui.git", rev = "devnet", subdir = "crates/sui-framework/packages/sui-framework" }

dependencies = [
  { id = "MoveStdlib", name = "MoveStdlib" },
]

[move.toolchain-version]
compiler-version = "1.36.2"
edition = "2024.beta"
flavor = "sui"

[env]

[env.devnet]
chain-id = "e8c8eaba"
original-published-id = "0x62d7c5354be200ab2f98d2b26624ad4cfe8f7682732b3dac2b6705d2858e5902"
latest-published-id = "0x62d7c5354be200ab2f98d2b26624ad4cfe8f7682732b3dac2b6705d2858e5902"
published-version = "1"
